
Microsoft Visual Studio Solution File, Format Version 12.00
# Visual Studio Version 16
VisualStudioVersion = 16.0.28902.138
MinimumVisualStudioVersion = 10.0.40219.1
Project("{9A19103F-16F7-4668-BE54-9A1E7A4F7556}") = "Quamotion.TurboJpegWrapper", "Quamotion.TurboJpegWrapper\Quamotion.TurboJpegWrapper.csproj", "{F563C86C-3F56-49C9-A0D6-DF0D46DC93D0}"
EndProject
Project("{9A19103F-16F7-4668-BE54-9A1E7A4F7556}") = "Quamotion.TurboJpegWrapper.Tests", "Quamotion.TurboJpegWrapper.Tests\Quamotion.TurboJpegWrapper.Tests.csproj", "{E057CBF7-0460-4EF4-A05A-EB5E38BB38DF}"
EndProject
Global
	GlobalSection(SolutionConfigurationPlatforms) = preSolution
		Debug|Any CPU = Debug|Any CPU
		Release|Any CPU = Release|Any CPU
	EndGlobalSection
	GlobalSection(ProjectConfigurationPlatforms) = postSolution
		{F563C86C-3F56-49C9-A0D6-DF0D46DC93D0}.Debug|Any CPU.ActiveCfg = Debug|Any CPU
		{F563C86C-3F56-49C9-A0D6-DF0D46DC93D0}.Debug|Any CPU.Build.0 = Debug|Any CPU
		{F563C86C-3F56-49C9-A0D6-DF0D46DC93D0}.Release|Any CPU.ActiveCfg = Release|Any CPU
		{F563C86C-3F56-49C9-A0D6-DF0D46DC93D0}.Release|Any CPU.Build.0 = Release|Any CPU
		{E057CBF7-0460-4EF4-A05A-EB5E38BB38DF}.Debug|Any CPU.ActiveCfg = Debug|Any CPU
		{E057CBF7-0460-4EF4-A05A-EB5E38BB38DF}.Debug|Any CPU.Build.0 = Debug|Any CPU
		{E057CBF7-0460-4EF4-A05A-EB5E38BB38DF}.Release|Any CPU.ActiveCfg = Release|Any CPU
		{E057CBF7-0460-4EF4-A05A-EB5E38BB38DF}.Release|Any CPU.Build.0 = Release|Any CPU
	EndGlobalSection
	GlobalSection(SolutionProperties) = preSolution
		HideSolutionNode = FALSE
	EndGlobalSection
	GlobalSection(ExtensibilityGlobals) = postSolution
		SolutionGuid = {3926AADD-D24D-4022-B364-F9B7FBF1417D}
	EndGlobalSection
EndGlobal
